
Microsoft Visual Studio Solution File, Format Version 12.00
# Visual Studio 2012
Project("{FAE04EC0-301F-11D3-BF4B-00C04F79EFBC}") = "Patterns", "Patterns\Patterns.csproj", "{00CC4D17-EBD2-4FD1-AAD1-7375F1C6176C}"
EndProject
Global
	GlobalSection(TeamFoundationVersionControl) = preSolution
		SccNumberOfProjects = 2
		SccEnterpriseProvider = {4CA58AB2-18FA-4F8D-95D4-32DDF27D184C}
		SccTeamFoundationServer = http://vs-tfs-int-1:8080/tfs/defaultcollection
		SccLocalPath0 = .
		SccProjectUniqueName1 = Patterns\\Patterns.csproj
		SccProjectName1 = Patterns
		SccLocalPath1 = Patterns
	EndGlobalSection
	GlobalSection(SolutionConfigurationPlatforms) = preSolution
		Debug|Any CPU = Debug|Any CPU
		Release|Any CPU = Release|Any CPU
	EndGlobalSection
	GlobalSection(ProjectConfigurationPlatforms) = postSolution
		{00CC4D17-EBD2-4FD1-AAD1-7375F1C6176C}.Debug|Any CPU.ActiveCfg = Debug|Any CPU
		{00CC4D17-EBD2-4FD1-AAD1-7375F1C6176C}.Debug|Any CPU.Build.0 = Debug|Any CPU
		{00CC4D17-EBD2-4FD1-AAD1-7375F1C6176C}.Release|Any CPU.ActiveCfg = Release|Any CPU
		{00CC4D17-EBD2-4FD1-AAD1-7375F1C6176C}.Release|Any CPU.Build.0 = Release|Any CPU
	EndGlobalSection
	GlobalSection(SolutionProperties) = preSolution
		HideSolutionNode = FALSE
	EndGlobalSection
EndGlobal
